
Microsoft Visual Studio Solution File, Format Version 12.00
# Visual Studio Version 16
VisualStudioVersion = 16.0.30114.105
MinimumVisualStudioVersion = 10.0.40219.1
Project("{FAE04EC0-301F-11D3-BF4B-00C04F79EFBC}") = "tut13", "tut13.csproj", "{4F9A4E72-C5BC-4F23-8C57-FCCF66A18733}"
EndProject
Global
	GlobalSection(SolutionConfigurationPlatforms) = preSolution
		Debug|Any CPU = Debug|Any CPU
		Release|Any CPU = Release|Any CPU
	EndGlobalSection
	GlobalSection(ProjectConfigurationPlatforms) = postSolution
		{4F9A4E72-C5BC-4F23-8C57-FCCF66A18733}.Debug|Any CPU.ActiveCfg = Debug|Any CPU
		{4F9A4E72-C5BC-4F23-8C57-FCCF66A18733}.Debug|Any CPU.Build.0 = Debug|Any CPU
		{4F9A4E72-C5BC-4F23-8C57-FCCF66A18733}.Release|Any CPU.ActiveCfg = Release|Any CPU
		{4F9A4E72-C5BC-4F23-8C57-FCCF66A18733}.Release|Any CPU.Build.0 = Release|Any CPU
	EndGlobalSection
	GlobalSection(SolutionProperties) = preSolution
		HideSolutionNode = FALSE
	EndGlobalSection
	GlobalSection(ExtensibilityGlobals) = postSolution
		SolutionGuid = {DE6B1ECB-7EC5-4293-AB8D-0C3A54F37649}
	EndGlobalSection
EndGlobal
